PODS:
  - EventKit (0.1.0)
  - Nimble (3.0.0)
  - Quick (0.8.0)

DEPENDENCIES:
  - EventKit (from `../`)
  - Nimble (= 3.0.0)
  - Quick (~> 0.8.0)

EXTERNAL SOURCES:
  EventKit:
    :path: ../

SPEC CHECKSUMS:
  EventKit: 30e1018d2d6ec4b3c1eb17aab35b5bc904c99a5c
  Nimble: 4c353d43735b38b545cbb4cb91504588eb5de926
  Quick: 563d0f6ec5f72e394645adb377708639b7dd38ab

COCOAPODS: 0.39.0
